
Microsoft Visual Studio Solution File, Format Version 12.00
# Visual Studio 15
VisualStudioVersion = 15.0.28307.168
MinimumVisualStudioVersion = 10.0.40219.1
Project("{FAE04EC0-301F-11D3-BF4B-00C04F79EFBC}") = "General", "General\General.csproj", "{4B97FDD2-3B67-4135-93E4-F2FBA2568B76}"
EndProject
Project("{FAE04EC0-301F-11D3-BF4B-00C04F79EFBC}") = "WCF_Member_SelfHost", "WCF_Member_SelfHost\WCF_Member_SelfHost.csproj", "{C36D8CFB-9987-4FAD-9D20-288DEAA25450}"
EndProject
Project("{FAE04EC0-301F-11D3-BF4B-00C04F79EFBC}") = "ClientApp", "ClientApp\ClientApp.csproj", "{24CA6451-B131-4F46-9F34-D69C51393A3A}"
EndProject
Global
	GlobalSection(SolutionConfigurationPlatforms) = preSolution
		Debug|Any CPU = Debug|Any CPU
		Release|Any CPU = Release|Any CPU
	EndGlobalSection
	GlobalSection(ProjectConfigurationPlatforms) = postSolution
		{4B97FDD2-3B67-4135-93E4-F2FBA2568B76}.Debug|Any CPU.ActiveCfg = Debug|Any CPU
		{4B97FDD2-3B67-4135-93E4-F2FBA2568B76}.Debug|Any CPU.Build.0 = Debug|Any CPU
		{4B97FDD2-3B67-4135-93E4-F2FBA2568B76}.Release|Any CPU.ActiveCfg = Release|Any CPU
		{4B97FDD2-3B67-4135-93E4-F2FBA2568B76}.Release|Any CPU.Build.0 = Release|Any CPU
		{C36D8CFB-9987-4FAD-9D20-288DEAA25450}.Debug|Any CPU.ActiveCfg = Debug|Any CPU
		{C36D8CFB-9987-4FAD-9D20-288DEAA25450}.Debug|Any CPU.Build.0 = Debug|Any CPU
		{C36D8CFB-9987-4FAD-9D20-288DEAA25450}.Release|Any CPU.ActiveCfg = Release|Any CPU
		{C36D8CFB-9987-4FAD-9D20-288DEAA25450}.Release|Any CPU.Build.0 = Release|Any CPU
		{24CA6451-B131-4F46-9F34-D69C51393A3A}.Debug|Any CPU.ActiveCfg = Debug|Any CPU
		{24CA6451-B131-4F46-9F34-D69C51393A3A}.Debug|Any CPU.Build.0 = Debug|Any CPU
		{24CA6451-B131-4F46-9F34-D69C51393A3A}.Release|Any CPU.ActiveCfg = Release|Any CPU
		{24CA6451-B131-4F46-9F34-D69C51393A3A}.Release|Any CPU.Build.0 = Release|Any CPU
	EndGlobalSection
	GlobalSection(SolutionProperties) = preSolution
		HideSolutionNode = FALSE
	EndGlobalSection
	GlobalSection(ExtensibilityGlobals) = postSolution
		SolutionGuid = {86D78D22-E4A4-469F-B863-87497E94CF04}
	EndGlobalSection
EndGlobal
